
Microsoft Visual Studio Solution File, Format Version 12.00
# Visual Studio Version 17
VisualStudioVersion = 17.14.36121.58 d17.14
MinimumVisualStudioVersion = 10.0.40219.1
Project("{FAE04EC0-301F-11D3-BF4B-00C04F79EFBC}") = "RateCalc", "RateCalc\RateCalc.csproj", "{6C717118-1745-4AF8-BF67-79899A77FF71}"
EndProject
Global
	GlobalSection(SolutionConfigurationPlatforms) = preSolution
		Debug|Any CPU = Debug|Any CPU
		Release|Any CPU = Release|Any CPU
	EndGlobalSection
	GlobalSection(ProjectConfigurationPlatforms) = postSolution
		{6C717118-1745-4AF8-BF67-79899A77FF71}.Debug|Any CPU.ActiveCfg = Debug|Any CPU
		{6C717118-1745-4AF8-BF67-79899A77FF71}.Debug|Any CPU.Build.0 = Debug|Any CPU
		{6C717118-1745-4AF8-BF67-79899A77FF71}.Release|Any CPU.ActiveCfg = Release|Any CPU
		{6C717118-1745-4AF8-BF67-79899A77FF71}.Release|Any CPU.Build.0 = Release|Any CPU
	EndGlobalSection
	GlobalSection(SolutionProperties) = preSolution
		HideSolutionNode = FALSE
	EndGlobalSection
	GlobalSection(ExtensibilityGlobals) = postSolution
		SolutionGuid = {FB9F22AA-5213-4FD1-B8C6-56AA80F79E8A}
	EndGlobalSection
EndGlobal
